
Microsoft Visual Studio Solution File, Format Version 12.00
# Visual Studio 15
VisualStudioVersion = 15.0.27130.2027
MinimumVisualStudioVersion = 10.0.40219.1
Project("{FAE04EC0-301F-11D3-BF4B-00C04F79EFBC}") = "Vectors.2", "Vectors.2\Vectors.2.csproj", "{685BD93B-DA00-44F3-B73C-C04FEBAE253A}"
EndProject
Global
	GlobalSection(SolutionConfigurationPlatforms) = preSolution
		Debug|Any CPU = Debug|Any CPU
		Release|Any CPU = Release|Any CPU
	EndGlobalSection
	GlobalSection(ProjectConfigurationPlatforms) = postSolution
		{685BD93B-DA00-44F3-B73C-C04FEBAE253A}.Debug|Any CPU.ActiveCfg = Debug|Any CPU
		{685BD93B-DA00-44F3-B73C-C04FEBAE253A}.Debug|Any CPU.Build.0 = Debug|Any CPU
		{685BD93B-DA00-44F3-B73C-C04FEBAE253A}.Release|Any CPU.ActiveCfg = Release|Any CPU
		{685BD93B-DA00-44F3-B73C-C04FEBAE253A}.Release|Any CPU.Build.0 = Release|Any CPU
	EndGlobalSection
	GlobalSection(SolutionProperties) = preSolution
		HideSolutionNode = FALSE
	EndGlobalSection
	GlobalSection(ExtensibilityGlobals) = postSolution
		SolutionGuid = {BC3AED38-FE15-4945-9088-9EC87EA57F33}
	EndGlobalSection
EndGlobal
